
Microsoft Visual Studio Solution File, Format Version 12.00
# Visual Studio Version 17
VisualStudioVersion = 17.14.36717.8 d17.14
MinimumVisualStudioVersion = 10.0.40219.1
Project("{8BC9CEB8-8B4A-11D0-8D11-00A0C91BC942}") = "EmpiresOfAges", "EmpiresOfAges\EmpiresOfAges.vcxproj", "{0A7A3112-6FAD-4274-B24D-77BCEC164142}"
EndProject
Global
	GlobalSection(SolutionConfigurationPlatforms) = preSolution
		Debug|x64 = Debug|x64
		Debug|x86 = Debug|x86
		Release|x64 = Release|x64
		Release|x86 = Release|x86
	EndGlobalSection
	GlobalSection(ProjectConfigurationPlatforms) = postSolution
		{0A7A3112-6FAD-4274-B24D-77BCEC164142}.Debug|x64.ActiveCfg = Debug|x64
		{0A7A3112-6FAD-4274-B24D-77BCEC164142}.Debug|x64.Build.0 = Debug|x64
		{0A7A3112-6FAD-4274-B24D-77BCEC164142}.Debug|x86.ActiveCfg = Debug|Win32
		{0A7A3112-6FAD-4274-B24D-77BCEC164142}.Debug|x86.Build.0 = Debug|Win32
		{0A7A3112-6FAD-4274-B24D-77BCEC164142}.Release|x64.ActiveCfg = Release|x64
		{0A7A3112-6FAD-4274-B24D-77BCEC164142}.Release|x64.Build.0 = Release|x64
		{0A7A3112-6FAD-4274-B24D-77BCEC164142}.Release|x86.ActiveCfg = Release|Win32
		{0A7A3112-6FAD-4274-B24D-77BCEC164142}.Release|x86.Build.0 = Release|Win32
	EndGlobalSection
	GlobalSection(SolutionProperties) = preSolution
		HideSolutionNode = FALSE
	EndGlobalSection
	GlobalSection(ExtensibilityGlobals) = postSolution
		SolutionGuid = {BEE04159-CBC0-4F49-A538-1DCCBEA696C6}
	EndGlobalSection
EndGlobal
